
Microsoft Visual Studio Solution File, Format Version 12.00
# Visual Studio Version 16
VisualStudioVersion = 16.0.30717.126
MinimumVisualStudioVersion = 10.0.40219.1
Project("{FAE04EC0-301F-11D3-BF4B-00C04F79EFBC}") = "Tesztverseny", "Tesztverseny\Tesztverseny.csproj", "{E42BD411-8B7D-45DB-B6AE-E5F67A8337D0}"
EndProject
Project("{54435603-DBB4-11D2-8724-00A0C9A8B90C}") = "VersenyInfoSetup", "VersenyInfoSetup\VersenyInfoSetup.vdproj", "{863FE97A-3B7E-45A8-9978-E94FE46429D5}"
EndProject
Project("{FAE04EC0-301F-11D3-BF4B-00C04F79EFBC}") = "Tesztverseny_2.0", "Tesztverseny_2.0\Tesztverseny_2.0.csproj", "{9AB1C8A4-8024-4788-9364-AC2003AF338A}"
EndProject
Global
	GlobalSection(SolutionConfigurationPlatforms) = preSolution
		Debug|Any CPU = Debug|Any CPU
		Release|Any CPU = Release|Any CPU
	EndGlobalSection
	GlobalSection(ProjectConfigurationPlatforms) = postSolution
		{E42BD411-8B7D-45DB-B6AE-E5F67A8337D0}.Debug|Any CPU.ActiveCfg = Debug|Any CPU
		{E42BD411-8B7D-45DB-B6AE-E5F67A8337D0}.Debug|Any CPU.Build.0 = Debug|Any CPU
		{E42BD411-8B7D-45DB-B6AE-E5F67A8337D0}.Release|Any CPU.ActiveCfg = Release|Any CPU
		{E42BD411-8B7D-45DB-B6AE-E5F67A8337D0}.Release|Any CPU.Build.0 = Release|Any CPU
		{863FE97A-3B7E-45A8-9978-E94FE46429D5}.Debug|Any CPU.ActiveCfg = Debug
		{863FE97A-3B7E-45A8-9978-E94FE46429D5}.Release|Any CPU.ActiveCfg = Release
		{9AB1C8A4-8024-4788-9364-AC2003AF338A}.Debug|Any CPU.ActiveCfg = Debug|Any CPU
		{9AB1C8A4-8024-4788-9364-AC2003AF338A}.Debug|Any CPU.Build.0 = Debug|Any CPU
		{9AB1C8A4-8024-4788-9364-AC2003AF338A}.Release|Any CPU.ActiveCfg = Release|Any CPU
		{9AB1C8A4-8024-4788-9364-AC2003AF338A}.Release|Any CPU.Build.0 = Release|Any CPU
	EndGlobalSection
	GlobalSection(SolutionProperties) = preSolution
		HideSolutionNode = FALSE
	EndGlobalSection
	GlobalSection(ExtensibilityGlobals) = postSolution
		SolutionGuid = {B5300C35-3C02-4581-8D3B-EE2BE1995FCA}
	EndGlobalSection
EndGlobal
